
Microsoft Visual Studio Solution File, Format Version 12.00
# Visual Studio 15
VisualStudioVersion = 15.0.27703.2047
MinimumVisualStudioVersion = 10.0.40219.1
Project("{FAE04EC0-301F-11D3-BF4B-00C04F79EFBC}") = "Randomiser_Aucerna", "Randomiser_Aucerna\Randomiser_Aucerna.csproj", "{D68170D8-3A33-4E48-826E-E5E28E0FBE61}"
EndProject
Project("{FAE04EC0-301F-11D3-BF4B-00C04F79EFBC}") = "Randomiser_AucernaTests", "Randomiser_AucernaTests\Randomiser_AucernaTests.csproj", "{AC1A65A0-383E-423C-A131-428BD762D50E}"
EndProject
Global
	GlobalSection(SolutionConfigurationPlatforms) = preSolution
		Debug|Any CPU = Debug|Any CPU
		Release|Any CPU = Release|Any CPU
	EndGlobalSection
	GlobalSection(ProjectConfigurationPlatforms) = postSolution
		{D68170D8-3A33-4E48-826E-E5E28E0FBE61}.Debug|Any CPU.ActiveCfg = Debug|Any CPU
		{D68170D8-3A33-4E48-826E-E5E28E0FBE61}.Debug|Any CPU.Build.0 = Debug|Any CPU
		{D68170D8-3A33-4E48-826E-E5E28E0FBE61}.Release|Any CPU.ActiveCfg = Release|Any CPU
		{D68170D8-3A33-4E48-826E-E5E28E0FBE61}.Release|Any CPU.Build.0 = Release|Any CPU
		{AC1A65A0-383E-423C-A131-428BD762D50E}.Debug|Any CPU.ActiveCfg = Debug|Any CPU
		{AC1A65A0-383E-423C-A131-428BD762D50E}.Debug|Any CPU.Build.0 = Debug|Any CPU
		{AC1A65A0-383E-423C-A131-428BD762D50E}.Release|Any CPU.ActiveCfg = Release|Any CPU
		{AC1A65A0-383E-423C-A131-428BD762D50E}.Release|Any CPU.Build.0 = Release|Any CPU
	EndGlobalSection
	GlobalSection(SolutionProperties) = preSolution
		HideSolutionNode = FALSE
	EndGlobalSection
	GlobalSection(ExtensibilityGlobals) = postSolution
		SolutionGuid = {06F800DE-7C79-4370-8D4A-04EC5CB27B86}
	EndGlobalSection
EndGlobal
